<?xml version="1.0" encoding="utf-8"?>
<Project ToolsVersion="4.0" xmlns="http://schemas.microsoft.com/developer/msbuild/2003">
  <ItemGroup>
    <Filter Include="Pliki źródłowe">
      <UniqueIdentifier>{4FC737F1-C7A5-4376-A066-2A32D752A2FF}</UniqueIdentifier>
      <Extensions>cpp;c;cc;cxx;c++;cppm;ixx;def;odl;idl;hpj;bat;asm;asmx</Extensions>
    </Filter>
    <Filter Include="Pliki nagłówkowe">
      <UniqueIdentifier>{93995380-89BD-4b04-88EB-625FBE52EBFB}</UniqueIdentifier>
      <Extensions>h;hh;hpp;hxx;h++;hm;inl;inc;ipp;xsd</Extensions>
    </Filter>
    <Filter Include="Pliki zasobów">
      <UniqueIdentifier>{67DA6AB6-F800-4c08-8B7A-83BB121AAD01}</UniqueIdentifier>
      <Extensions>rc;ico;cur;bmp;dlg;rc2;rct;bin;rgs;gif;jpg;jpeg;jpe;resx;tiff;tif;png;wav;mfcribbon-ms</Extensions>
    </Filter>
    <Filter Include="Pliki nagłówkowe\DTOs">
      <UniqueIdentifier>{e22b674e-d5c3-4ac5-bff2-7af85a16d429}</UniqueIdentifier>
    </Filter>
    <Filter Include="Pliki nagłówkowe\DTOs\care">
      <UniqueIdentifier>{aa23f840-38c2-430c-9ce8-f238842d564f}</UniqueIdentifier>
    </Filter>
    <Filter Include="Pliki nagłówkowe\DTOs\surgery">
      <UniqueIdentifier>{54ceb372-0607-4249-9f59-e287f4f339d0}</UniqueIdentifier>
    </Filter>
    <Filter Include="Pliki nagłówkowe\DTOs\patients">
      <UniqueIdentifier>{c3fd8a8f-7411-4036-9e72-d9c61633e541}</UniqueIdentifier>
    </Filter>
    <Filter Include="Pliki źródłowe\DTOs">
      <UniqueIdentifier>{415af4e2-a8fa-43e7-b572-d0c5b964d4b5}</UniqueIdentifier>
    </Filter>
    <Filter Include="Pliki źródłowe\DTOs\care">
      <UniqueIdentifier>{652cf0b7-2d5a-4ff2-a71c-2bfb8b68b87a}</UniqueIdentifier>
    </Filter>
    <Filter Include="Pliki źródłowe\DTOs\patients">
      <UniqueIdentifier>{fd7718c9-5153-41c7-afa2-71646bfa3e4c}</UniqueIdentifier>
    </Filter>
    <Filter Include="Pliki źródłowe\DTOs\surgery">
      <UniqueIdentifier>{f9ca15d0-275f-4ecf-a4eb-3563ff56d21c}</UniqueIdentifier>
    </Filter>
    <Filter Include="Pliki źródłowe\algorithm">
      <UniqueIdentifier>{866f71ef-9666-43f8-8d9d-2417c68a7959}</UniqueIdentifier>
    </Filter>
    <Filter Include="Pliki źródłowe\algorithm\individual">
      <UniqueIdentifier>{f2e9c320-57f6-4dd4-97a9-22ba30e9bf94}</UniqueIdentifier>
    </Filter>
    <Filter Include="Pliki źródłowe\algorithm\solvers">
      <UniqueIdentifier>{62004ad7-98c6-4fda-b2c8-a343293c68d7}</UniqueIdentifier>
    </Filter>
    <Filter Include="Pliki źródłowe\algorithm\individualOperators">
      <UniqueIdentifier>{d6e3c4f4-9f1b-4412-a995-010a997d51d1}</UniqueIdentifier>
    </Filter>
    <Filter Include="Pliki źródłowe\algorithm\problem">
      <UniqueIdentifier>{8561a5ae-b882-4345-b512-5bca249d8fb3}</UniqueIdentifier>
    </Filter>
    <Filter Include="Pliki nagłówkowe\algorithm">
      <UniqueIdentifier>{1145bb9c-e781-4ded-8a8f-4a5a142ce979}</UniqueIdentifier>
    </Filter>
    <Filter Include="Pliki nagłówkowe\algorithm\individual">
      <UniqueIdentifier>{91fedd6c-45c9-4207-b068-4ccb243c0604}</UniqueIdentifier>
    </Filter>
    <Filter Include="Pliki nagłówkowe\algorithm\individualOperators">
      <UniqueIdentifier>{f20b775d-dfba-4d59-bf78-d7bafbe01d20}</UniqueIdentifier>
    </Filter>
    <Filter Include="Pliki nagłówkowe\algorithm\problem">
      <UniqueIdentifier>{3c90c120-677c-4913-92a0-f2a0b894a57b}</UniqueIdentifier>
    </Filter>
    <Filter Include="Pliki nagłówkowe\algorithm\solvers">
      <UniqueIdentifier>{182016de-5482-4eb6-8fb2-595b39205c75}</UniqueIdentifier>
    </Filter>
    <Filter Include="Pliki nagłówkowe\utils">
      <UniqueIdentifier>{9c92fc7c-0b01-4d8e-b1f0-9669d37f030f}</UniqueIdentifier>
    </Filter>
    <Filter Include="Pliki źródłowe\utils">
      <UniqueIdentifier>{cb7f889b-b62b-4b48-ba67-e858a7ea5157}</UniqueIdentifier>
    </Filter>
    <Filter Include="Pliki nagłówkowe\algorithm\individualOperators\crosser">
      <UniqueIdentifier>{7bc05925-9d17-443e-bfa1-b1b719d2ae42}</UniqueIdentifier>
    </Filter>
    <Filter Include="Pliki nagłówkowe\algorithm\individualOperators\mutator">
      <UniqueIdentifier>{c7bb0568-aa6d-4817-ab4a-c91c4aa0cd5d}</UniqueIdentifier>
    </Filter>
    <Filter Include="Pliki nagłówkowe\algorithm\individualOperators\selectors">
      <UniqueIdentifier>{bb5a4201-2cfb-4136-a7f2-aa6ea72ee6f6}</UniqueIdentifier>
    </Filter>
    <Filter Include="Pliki źródłowe\algorithm\individualOperators\mutators">
      <UniqueIdentifier>{e4e87d44-1797-477d-aa9f-bf60c72d47b7}</UniqueIdentifier>
    </Filter>
    <Filter Include="Pliki źródłowe\algorithm\individualOperators\crossers">
      <UniqueIdentifier>{d2fed974-f4e7-41e8-a962-73fa088333b5}</UniqueIdentifier>
    </Filter>
    <Filter Include="Pliki źródłowe\algorithm\individualOperators\selectors">
      <UniqueIdentifier>{bcb77d28-76cb-425b-a94a-d14dfa665a1f}</UniqueIdentifier>
    </Filter>
    <Filter Include="Pliki nagłówkowe\algorithm\solvers\greedy">
      <UniqueIdentifier>{052d4d94-e2ea-4bcc-b029-087177749398}</UniqueIdentifier>
    </Filter>
    <Filter Include="Pliki źródłowe\algorithm\solvers\greedy">
      <UniqueIdentifier>{0dc8197e-976d-4c64-bc6f-e09524aaa732}</UniqueIdentifier>
    </Filter>
    <Filter Include="Pliki nagłówkowe\algorithm\other">
      <UniqueIdentifier>{a5ec56d1-b0bb-4a8c-b820-5c5ee0bc5ecb}</UniqueIdentifier>
    </Filter>
    <Filter Include="Pliki źródłowe\algorithm\other">
      <UniqueIdentifier>{9854e6ba-e7ee-49b3-ad97-4f66a715600f}</UniqueIdentifier>
    </Filter>
    <Filter Include="Pliki źródłowe\algorithm\comparisonWrappers">
      <UniqueIdentifier>{675fec06-4c5f-44e4-aa10-030699bdc5c2}</UniqueIdentifier>
    </Filter>
    <Filter Include="Pliki nagłówkowe\algorithm\comparisonWrappers">
      <UniqueIdentifier>{5b0a0e4c-6d27-45ee-9845-8c731ff82adf}</UniqueIdentifier>
    </Filter>
    <Filter Include="Pliki nagłówkowe\algorithm\individualOperators\mutator\neighbourGenerators">
      <UniqueIdentifier>{ac5d8f3b-aa82-4601-a0b5-fb5f9079bed5}</UniqueIdentifier>
    </Filter>
    <Filter Include="Pliki źródłowe\algorithm\individualOperators\mutators\neighbourGenerators">
      <UniqueIdentifier>{da435957-fb09-47a1-9b4b-b0ad38a56d0d}</UniqueIdentifier>
    </Filter>
    <Filter Include="Pliki nagłówkowe\algorithm\params">
      <UniqueIdentifier>{5bb65884-db0b-4705-9eaa-2ef071ab5411}</UniqueIdentifier>
    </Filter>
    <Filter Include="Pliki źródłowe\algorithm\params">
      <UniqueIdentifier>{51c9febe-f5f1-40c6-846b-4c4a1cc582b5}</UniqueIdentifier>
    </Filter>
    <Filter Include="Pliki nagłówkowe\algorithm\stopCriterium">
      <UniqueIdentifier>{ab238f1f-f3ac-4b66-a6c0-a21317894d81}</UniqueIdentifier>
    </Filter>
    <Filter Include="Pliki źródłowe\algorithm\stopCriterium">
      <UniqueIdentifier>{f8f0bb54-1603-40fb-870f-33763ecd3922}</UniqueIdentifier>
    </Filter>
    <Filter Include="Pliki nagłówkowe\algorithm\coolingScheme">
      <UniqueIdentifier>{61d720d6-969c-4e52-88e7-0c559accf0ca}</UniqueIdentifier>
    </Filter>
    <Filter Include="Pliki źródłowe\algorithm\coolingScheme">
      <UniqueIdentifier>{a53f23c9-c47a-47fd-857f-76c39b5b06c8}</UniqueIdentifier>
    </Filter>
  </ItemGroup>
  <ItemGroup>
    <ClCompile Include="IHTC-2024.cpp">
      <Filter>Pliki źródłowe</Filter>
    </ClCompile>
    <ClCompile Include="NurseDTO.cpp">
      <Filter>Pliki źródłowe\DTOs\care</Filter>
    </ClCompile>
    <ClCompile Include="RoomDTO.cpp">
      <Filter>Pliki źródłowe\DTOs\care</Filter>
    </ClCompile>
    <ClCompile Include="ShiftDTO.cpp">
      <Filter>Pliki źródłowe\DTOs\care</Filter>
    </ClCompile>
    <ClCompile Include="OccupantDTO.cpp">
      <Filter>Pliki źródłowe\DTOs\patients</Filter>
    </ClCompile>
    <ClCompile Include="IncomingPatientDTO.cpp">
      <Filter>Pliki źródłowe\DTOs\patients</Filter>
    </ClCompile>
    <ClCompile Include="PatientDTO.cpp">
      <Filter>Pliki źródłowe\DTOs\patients</Filter>
    </ClCompile>
    <ClCompile Include="ProblemData.cpp">
      <Filter>Pliki źródłowe\DTOs</Filter>
    </ClCompile>
    <ClCompile Include="WeightsDTO.cpp">
      <Filter>Pliki źródłowe\DTOs</Filter>
    </ClCompile>
    <ClCompile Include="OperatingTheaterDTO.cpp">
      <Filter>Pliki źródłowe\DTOs\surgery</Filter>
    </ClCompile>
    <ClCompile Include="SurgeonDTO.cpp">
      <Filter>Pliki źródłowe\DTOs\surgery</Filter>
    </ClCompile>
    <ClCompile Include="CIndividual.cpp">
      <Filter>Pliki źródłowe\algorithm\individual</Filter>
    </ClCompile>
    <ClCompile Include="Patient.cpp">
      <Filter>Pliki źródłowe\algorithm\individual</Filter>
    </ClCompile>
    <ClCompile Include="Assignment.cpp">
      <Filter>Pliki źródłowe\algorithm\individual</Filter>
    </ClCompile>
    <ClCompile Include="ICrosser.cpp">
      <Filter>Pliki źródłowe\algorithm\individualOperators\crossers</Filter>
    </ClCompile>
    <ClCompile Include="IMutator.cpp">
      <Filter>Pliki źródłowe\algorithm\individualOperators\mutators</Filter>
    </ClCompile>
    <ClCompile Include="ISelector.cpp">
      <Filter>Pliki źródłowe\algorithm\individualOperators\selectors</Filter>
    </ClCompile>
    <ClCompile Include="EASolver.cpp">
      <Filter>Pliki źródłowe\algorithm\solvers</Filter>
    </ClCompile>
    <ClCompile Include="RandomSolver.cpp">
      <Filter>Pliki źródłowe\algorithm\solvers</Filter>
    </ClCompile>
    <ClCompile Include="SolutionData.cpp">
      <Filter>Pliki źródłowe\DTOs</Filter>
    </ClCompile>
    <ClCompile Include="NurseOutputDTO.cpp">
      <Filter>Pliki źródłowe\DTOs\care</Filter>
    </ClCompile>
    <ClCompile Include="MockProblem.h">
      <Filter>Pliki nagłówkowe\algorithm\problem</Filter>
    </ClCompile>
    <ClCompile Include="MockProblem.cpp">
      <Filter>Pliki źródłowe\algorithm\problem</Filter>
    </ClCompile>
    <ClCompile Include="IHTCProblemIO.cpp">
      <Filter>Pliki źródłowe\utils</Filter>
    </ClCompile>
    <ClCompile Include="IHTCProblemIO.h">
      <Filter>Pliki nagłówkowe\utils</Filter>
    </ClCompile>
    <ClCompile Include="other.cpp">
      <Filter>Pliki źródłowe\utils</Filter>
    </ClCompile>
    <ClCompile Include="IHTCProblem.cpp">
      <Filter>Pliki źródłowe\algorithm\problem</Filter>
    </ClCompile>
    <ClCompile Include="solutionUtils.cpp">
      <Filter>Pliki źródłowe\utils</Filter>
    </ClCompile>
    <ClCompile Include="IHTCSolver.cpp">
      <Filter>Pliki źródłowe\algorithm\solvers</Filter>
    </ClCompile>
    <ClCompile Include="ISolver.cpp">
      <Filter>Pliki źródłowe\algorithm\solvers</Filter>
    </ClCompile>
    <ClCompile Include="SASolver.cpp">
      <Filter>Pliki źródłowe\algorithm\solvers</Filter>
    </ClCompile>
    <ClCompile Include="IHTCMutatorRoom.cpp">
      <Filter>Pliki źródłowe\algorithm\individualOperators\mutators</Filter>
    </ClCompile>
    <ClCompile Include="Logger.cpp">
      <Filter>Pliki źródłowe\utils</Filter>
    </ClCompile>
    <ClCompile Include="IHTCMutatorDay.cpp">
      <Filter>Pliki źródłowe\algorithm\individualOperators\mutators</Filter>
    </ClCompile>
    <ClCompile Include="IHTCMutatorOperatingTheaters.cpp">
      <Filter>Pliki źródłowe\algorithm\individualOperators\mutators</Filter>
    </ClCompile>
    <ClCompile Include="IHTCMutatorOTInversion.cpp">
      <Filter>Pliki źródłowe\algorithm\individualOperators\mutators</Filter>
    </ClCompile>
    <ClCompile Include="IHTCMutatorOTSwap.cpp">
      <Filter>Pliki źródłowe\algorithm\individualOperators\mutators</Filter>
    </ClCompile>
    <ClCompile Include="GreedySolver.cpp">
      <Filter>Pliki źródłowe\algorithm\solvers\greedy</Filter>
    </ClCompile>
    <ClCompile Include="RoomBrokenAgeGender.cpp">
      <Filter>Pliki źródłowe\algorithm\solvers\greedy</Filter>
    </ClCompile>
    <ClCompile Include="RoomWithOccupancyRepresentation.cpp">
      <Filter>Pliki źródłowe\algorithm\other</Filter>
    </ClCompile>
    <ClCompile Include="Workload.cpp">
      <Filter>Pliki źródłowe\algorithm\other</Filter>
    </ClCompile>
    <ClCompile Include="OperatingTheaterInfo.cpp">
      <Filter>Pliki źródłowe\algorithm\other</Filter>
    </ClCompile>
    <ClCompile Include="RoomInfo.h">
      <Filter>Pliki nagłówkowe\algorithm\other</Filter>
    </ClCompile>
    <ClCompile Include="NurseRoomIndividual.cpp">
      <Filter>Pliki źródłowe\algorithm\other</Filter>
    </ClCompile>
    <ClCompile Include="SurgeonOTInfo.cpp">
      <Filter>Pliki źródłowe\algorithm\other</Filter>
    </ClCompile>
    <ClCompile Include="ViolatedRestrictions.cpp">
      <Filter>Pliki źródłowe\utils</Filter>
    </ClCompile>
    <ClCompile Include="ShiftNurses.cpp">
      <Filter>Pliki źródłowe\algorithm\solvers\greedy</Filter>
    </ClCompile>
    <ClCompile Include="PatientNurses.cpp">
      <Filter>Pliki źródłowe\algorithm\other</Filter>
    </ClCompile>
    <ClCompile Include="NurseWrapper.cpp">
      <Filter>Pliki źródłowe\algorithm\comparisonWrappers</Filter>
    </ClCompile>
    <ClCompile Include="OperatingTheaterWrapper.cpp">
      <Filter>Pliki źródłowe\algorithm\comparisonWrappers</Filter>
    </ClCompile>
    <ClCompile Include="PatientWrapper.cpp">
      <Filter>Pliki źródłowe\algorithm\comparisonWrappers</Filter>
    </ClCompile>
    <ClCompile Include="NeighbourGeneratorTournament.cpp">
      <Filter>Pliki źródłowe\algorithm\individualOperators\mutators\neighbourGenerators</Filter>
    </ClCompile>
    <ClCompile Include="INeighbourGenerator.cpp">
      <Filter>Pliki źródłowe\algorithm\individualOperators\mutators\neighbourGenerators</Filter>
    </ClCompile>
    <ClCompile Include="NeighbourGeneratorQueue.cpp">
      <Filter>Pliki źródłowe\algorithm\individualOperators\mutators\neighbourGenerators</Filter>
    </ClCompile>
    <ClCompile Include="IHTCMutatorAssignmentsSwap.cpp">
      <Filter>Pliki źródłowe\algorithm\individualOperators\mutators</Filter>
    </ClCompile>
    <ClCompile Include="IHTCMutatorNurseRoomCover.cpp">
      <Filter>Pliki źródłowe\algorithm\individualOperators\mutators</Filter>
    </ClCompile>
    <ClCompile Include="SurgeonOTInfo.h">
      <Filter>Pliki nagłówkowe\algorithm\individualOperators\mutator</Filter>
    </ClCompile>
    <ClCompile Include="NeighbourGeneratorTop.cpp">
      <Filter>Pliki źródłowe\algorithm\individualOperators\mutators\neighbourGenerators</Filter>
    </ClCompile>
    <ClCompile Include="NeighbourGeneratorPrizeBest.cpp">
      <Filter>Pliki źródłowe\algorithm\individualOperators\mutators\neighbourGenerators</Filter>
    </ClCompile>
    <ClCompile Include="SolverType.cpp">
      <Filter>Pliki źródłowe\algorithm\params</Filter>
    </ClCompile>
    <ClCompile Include="NeighbourGeneratorType.cpp">
      <Filter>Pliki źródłowe\algorithm\params</Filter>
    </ClCompile>
    <ClCompile Include="Params.cpp">
      <Filter>Pliki źródłowe\algorithm\params</Filter>
    </ClCompile>
    <ClCompile Include="StopCriteriumTemperature.cpp">
      <Filter>Pliki źródłowe\algorithm\stopCriterium</Filter>
    </ClCompile>
    <ClCompile Include="StopCriteriumIter.cpp">
      <Filter>Pliki źródłowe\algorithm\stopCriterium</Filter>
    </ClCompile>
    <ClCompile Include="SimplexCoolingScheme.cpp">
      <Filter>Pliki źródłowe\algorithm\coolingScheme</Filter>
    </ClCompile>
    <ClCompile Include="VariableCoolingScheme.cpp">
      <Filter>Pliki źródłowe\algorithm\coolingScheme</Filter>
    </ClCompile>
    <ClCompile Include="strings.cpp">
      <Filter>Pliki źródłowe\utils</Filter>
    </ClCompile>
    <ClCompile Include="FitnessCalculator.cpp">
      <Filter>Pliki źródłowe\algorithm</Filter>
    </ClCompile>
    <ClCompile Include="GemanAndGemanCoolingScheme.cpp">
      <Filter>Pliki źródłowe\algorithm\coolingScheme</Filter>
    </ClCompile>
  </ItemGroup>
  <ItemGroup>
    <ClInclude Include="IncomingPatientDTO.h">
      <Filter>Pliki nagłówkowe\DTOs\patients</Filter>
    </ClInclude>
    <ClInclude Include="OccupantDTO.h">
      <Filter>Pliki nagłówkowe\DTOs\patients</Filter>
    </ClInclude>
    <ClInclude Include="PatientDTO.h">
      <Filter>Pliki nagłówkowe\DTOs\patients</Filter>
    </ClInclude>
    <ClInclude Include="SurgeonDTO.h">
      <Filter>Pliki nagłówkowe\DTOs\surgery</Filter>
    </ClInclude>
    <ClInclude Include="OperatingTheaterDTO.h">
      <Filter>Pliki nagłówkowe\DTOs\surgery</Filter>
    </ClInclude>
    <ClInclude Include="NurseDTO.h">
      <Filter>Pliki nagłówkowe\DTOs\care</Filter>
    </ClInclude>
    <ClInclude Include="RoomDTO.h">
      <Filter>Pliki nagłówkowe\DTOs\care</Filter>
    </ClInclude>
    <ClInclude Include="ShiftDTO.h">
      <Filter>Pliki nagłówkowe\DTOs\care</Filter>
    </ClInclude>
    <ClInclude Include="ProblemData.h">
      <Filter>Pliki nagłówkowe\DTOs</Filter>
    </ClInclude>
    <ClInclude Include="WeightsDTO.h">
      <Filter>Pliki nagłówkowe\DTOs</Filter>
    </ClInclude>
    <ClInclude Include="CIndividual.h">
      <Filter>Pliki nagłówkowe\algorithm\individual</Filter>
    </ClInclude>
    <ClInclude Include="Patient.h">
      <Filter>Pliki nagłówkowe\algorithm\individual</Filter>
    </ClInclude>
    <ClInclude Include="Assignment.h">
      <Filter>Pliki nagłówkowe\algorithm\individual</Filter>
    </ClInclude>
    <ClInclude Include="IProblem.h">
      <Filter>Pliki nagłówkowe\algorithm\problem</Filter>
    </ClInclude>
    <ClInclude Include="IMutator.h">
      <Filter>Pliki nagłówkowe\algorithm\individualOperators\mutator</Filter>
    </ClInclude>
    <ClInclude Include="ICrosser.h">
      <Filter>Pliki nagłówkowe\algorithm\individualOperators\crosser</Filter>
    </ClInclude>
    <ClInclude Include="ISelector.h">
      <Filter>Pliki nagłówkowe\algorithm\individualOperators\selectors</Filter>
    </ClInclude>
    <ClInclude Include="NurseOutputDTO.h">
      <Filter>Pliki nagłówkowe\DTOs\care</Filter>
    </ClInclude>
    <ClInclude Include="EASolver.h">
      <Filter>Pliki nagłówkowe\algorithm\solvers</Filter>
    </ClInclude>
    <ClInclude Include="RandomSolver.h">
      <Filter>Pliki nagłówkowe\algorithm\solvers</Filter>
    </ClInclude>
    <ClInclude Include="SolutionData.h">
      <Filter>Pliki nagłówkowe\DTOs</Filter>
    </ClInclude>
    <ClInclude Include="ISolver.h">
      <Filter>Pliki nagłówkowe\algorithm\solvers</Filter>
    </ClInclude>
    <ClInclude Include="other.h">
      <Filter>Pliki nagłówkowe\utils</Filter>
    </ClInclude>
    <ClInclude Include="solutionUtils.h">
      <Filter>Pliki nagłówkowe\utils</Filter>
    </ClInclude>
    <ClInclude Include="IHTCProblem.h">
      <Filter>Pliki nagłówkowe\algorithm\problem</Filter>
    </ClInclude>
    <ClInclude Include="IHTCSolver.h">
      <Filter>Pliki nagłówkowe\algorithm\solvers</Filter>
    </ClInclude>
    <ClInclude Include="SASolver.h">
      <Filter>Pliki nagłówkowe\algorithm\solvers</Filter>
    </ClInclude>
    <ClInclude Include="IHTCMutatorRoom.h">
      <Filter>Pliki nagłówkowe\algorithm\individualOperators\mutator</Filter>
    </ClInclude>
    <ClInclude Include="Logger.h">
      <Filter>Pliki nagłówkowe\utils</Filter>
    </ClInclude>
    <ClInclude Include="IHTCMutatorOperatingTheaters.h">
      <Filter>Pliki nagłówkowe\algorithm\individualOperators\mutator</Filter>
    </ClInclude>
    <ClInclude Include="IHTCMutatorDay.h">
      <Filter>Pliki nagłówkowe\algorithm\individualOperators\mutator</Filter>
    </ClInclude>
    <ClInclude Include="IHTCMutatorOTInversion.h">
      <Filter>Pliki nagłówkowe\algorithm\individualOperators\mutator</Filter>
    </ClInclude>
    <ClInclude Include="IHTCMutatorOTSwap.h">
      <Filter>Pliki nagłówkowe\algorithm\individualOperators\mutator</Filter>
    </ClInclude>
    <ClInclude Include="GreedySolver.h">
      <Filter>Pliki nagłówkowe\algorithm\solvers\greedy</Filter>
    </ClInclude>
    <ClInclude Include="RoomBrokenAgeGender.h">
      <Filter>Pliki nagłówkowe\algorithm\solvers\greedy</Filter>
    </ClInclude>
    <ClInclude Include="OperatingTheaterInfo.h">
      <Filter>Pliki nagłówkowe\algorithm\other</Filter>
    </ClInclude>
    <ClInclude Include="RoomWithOccupancyRepresentation.h">
      <Filter>Pliki nagłówkowe\algorithm\other</Filter>
    </ClInclude>
    <ClInclude Include="Workload.h">
      <Filter>Pliki nagłówkowe\algorithm\other</Filter>
    </ClInclude>
    <ClInclude Include="NurseRoomIndividual.h">
      <Filter>Pliki nagłówkowe\algorithm\other</Filter>
    </ClInclude>
    <ClInclude Include="NurseWorkload.h">
      <Filter>Pliki nagłówkowe\algorithm\other</Filter>
    </ClInclude>
    <ClInclude Include="PatientRoomInfo.h">
      <Filter>Pliki nagłówkowe\algorithm\other</Filter>
    </ClInclude>
    <ClInclude Include="SurgeonsTime.h">
      <Filter>Pliki nagłówkowe\algorithm\other</Filter>
    </ClInclude>
    <ClInclude Include="ViolatedRestrictions.h">
      <Filter>Pliki nagłówkowe\utils</Filter>
    </ClInclude>
    <ClInclude Include="ShiftNurses.h">
      <Filter>Pliki nagłówkowe\algorithm\solvers\greedy</Filter>
    </ClInclude>
    <ClInclude Include="PatientNurses.h">
      <Filter>Pliki nagłówkowe\algorithm\other</Filter>
    </ClInclude>
    <ClInclude Include="NurseWrapper.h">
      <Filter>Pliki nagłówkowe\algorithm\comparisonWrappers</Filter>
    </ClInclude>
    <ClInclude Include="PatientWrapper.h">
      <Filter>Pliki nagłówkowe\algorithm\comparisonWrappers</Filter>
    </ClInclude>
    <ClInclude Include="OperatingTheaterWrapper.h">
      <Filter>Pliki nagłówkowe\algorithm\comparisonWrappers</Filter>
    </ClInclude>
    <ClInclude Include="INeighbourGenerator.h">
      <Filter>Pliki nagłówkowe\algorithm\individualOperators\mutator\neighbourGenerators</Filter>
    </ClInclude>
    <ClInclude Include="NeighbourGeneratorQueue.h">
      <Filter>Pliki nagłówkowe\algorithm\individualOperators\mutator\neighbourGenerators</Filter>
    </ClInclude>
    <ClInclude Include="NeighbourGeneratorTournament.h">
      <Filter>Pliki nagłówkowe\algorithm\individualOperators\mutator\neighbourGenerators</Filter>
    </ClInclude>
    <ClInclude Include="IHTCMutatorAssignmentsSwap.h">
      <Filter>Pliki nagłówkowe\algorithm\individualOperators\mutator</Filter>
    </ClInclude>
    <ClInclude Include="IHTCMutatorNurseRoomCover.h">
      <Filter>Pliki nagłówkowe\algorithm\individualOperators\mutator</Filter>
    </ClInclude>
    <ClInclude Include="NeighbourGeneratorTop.h">
      <Filter>Pliki nagłówkowe\algorithm\individualOperators\mutator\neighbourGenerators</Filter>
    </ClInclude>
    <ClInclude Include="NeighbourGeneratorPrizeBest.h">
      <Filter>Pliki nagłówkowe\algorithm\individualOperators\mutator\neighbourGenerators</Filter>
    </ClInclude>
    <ClInclude Include="Params.h">
      <Filter>Pliki nagłówkowe\algorithm\params</Filter>
    </ClInclude>
    <ClInclude Include="SolverType.h">
      <Filter>Pliki nagłówkowe\algorithm\params</Filter>
    </ClInclude>
    <ClInclude Include="NeighbourGeneratorType.h">
      <Filter>Pliki nagłówkowe\algorithm\params</Filter>
    </ClInclude>
    <ClInclude Include="IStopCriterium.h">
      <Filter>Pliki nagłówkowe\algorithm\stopCriterium</Filter>
    </ClInclude>
    <ClInclude Include="StopCriteriumTemperature.h">
      <Filter>Pliki nagłówkowe\algorithm\stopCriterium</Filter>
    </ClInclude>
    <ClInclude Include="StopCriteriumIter.h">
      <Filter>Pliki nagłówkowe\algorithm\stopCriterium</Filter>
    </ClInclude>
    <ClInclude Include="ICoolingScheme.h">
      <Filter>Pliki nagłówkowe\algorithm\coolingScheme</Filter>
    </ClInclude>
    <ClInclude Include="SimplexCoolingScheme.h">
      <Filter>Pliki nagłówkowe\algorithm\coolingScheme</Filter>
    </ClInclude>
    <ClInclude Include="VariableCoolingScheme.h">
      <Filter>Pliki nagłówkowe\algorithm\coolingScheme</Filter>
    </ClInclude>
    <ClInclude Include="FitnessCalculator.h">
      <Filter>Pliki nagłówkowe\algorithm</Filter>
    </ClInclude>
    <ClInclude Include="strings.h">
      <Filter>Pliki nagłówkowe\utils</Filter>
    </ClInclude>
    <ClInclude Include="GemanAndGemanCoolingScheme.h">
      <Filter>Pliki nagłówkowe\algorithm\coolingScheme</Filter>
    </ClInclude>
  </ItemGroup>
  <ItemGroup>
    <Text Include="assign.txt">
      <Filter>Pliki zasobów</Filter>
    </Text>
  </ItemGroup>
  <ItemGroup>
    <None Include="params.json">
      <Filter>Pliki zasobów</Filter>
    </None>
  </ItemGroup>
</Project>