<?xml version="1.0" encoding="utf-8"?>
<Project ToolsVersion="4.0" xmlns="http://schemas.microsoft.com/developer/msbuild/2003">
  <ItemGroup>
    <Filter Include="Pliki źródłowe">
      <UniqueIdentifier>{4FC737F1-C7A5-4376-A066-2A32D752A2FF}</UniqueIdentifier>
      <Extensions>cpp;c;cc;cxx;c++;cppm;ixx;def;odl;idl;hpj;bat;asm;asmx</Extensions>
    </Filter>
    <Filter Include="Pliki nagłówkowe">
      <UniqueIdentifier>{93995380-89BD-4b04-88EB-625FBE52EBFB}</UniqueIdentifier>
      <Extensions>h;hh;hpp;hxx;h++;hm;inl;inc;ipp;xsd</Extensions>
    </Filter>
    <Filter Include="Pliki zasobów">
      <UniqueIdentifier>{67DA6AB6-F800-4c08-8B7A-83BB121AAD01}</UniqueIdentifier>
      <Extensions>rc;ico;cur;bmp;dlg;rc2;rct;bin;rgs;gif;jpg;jpeg;jpe;resx;tiff;tif;png;wav;mfcribbon-ms</Extensions>
    </Filter>
    <Filter Include="Pliki nagłówkowe\DTOs">
      <UniqueIdentifier>{e22b674e-d5c3-4ac5-bff2-7af85a16d429}</UniqueIdentifier>
    </Filter>
    <Filter Include="Pliki nagłówkowe\DTOs\care">
      <UniqueIdentifier>{aa23f840-38c2-430c-9ce8-f238842d564f}</UniqueIdentifier>
    </Filter>
    <Filter Include="Pliki nagłówkowe\DTOs\surgery">
      <UniqueIdentifier>{54ceb372-0607-4249-9f59-e287f4f339d0}</UniqueIdentifier>
    </Filter>
    <Filter Include="Pliki nagłówkowe\DTOs\patients">
      <UniqueIdentifier>{c3fd8a8f-7411-4036-9e72-d9c61633e541}</UniqueIdentifier>
    </Filter>
    <Filter Include="Pliki źródłowe\DTOs">
      <UniqueIdentifier>{415af4e2-a8fa-43e7-b572-d0c5b964d4b5}</UniqueIdentifier>
    </Filter>
    <Filter Include="Pliki źródłowe\DTOs\care">
      <UniqueIdentifier>{652cf0b7-2d5a-4ff2-a71c-2bfb8b68b87a}</UniqueIdentifier>
    </Filter>
    <Filter Include="Pliki źródłowe\DTOs\patients">
      <UniqueIdentifier>{fd7718c9-5153-41c7-afa2-71646bfa3e4c}</UniqueIdentifier>
    </Filter>
    <Filter Include="Pliki źródłowe\DTOs\surgery">
      <UniqueIdentifier>{f9ca15d0-275f-4ecf-a4eb-3563ff56d21c}</UniqueIdentifier>
    </Filter>
    <Filter Include="Pliki źródłowe\algorithm">
      <UniqueIdentifier>{866f71ef-9666-43f8-8d9d-2417c68a7959}</UniqueIdentifier>
    </Filter>
    <Filter Include="Pliki źródłowe\algorithm\individual">
      <UniqueIdentifier>{f2e9c320-57f6-4dd4-97a9-22ba30e9bf94}</UniqueIdentifier>
    </Filter>
    <Filter Include="Pliki źródłowe\algorithm\solvers">
      <UniqueIdentifier>{62004ad7-98c6-4fda-b2c8-a343293c68d7}</UniqueIdentifier>
    </Filter>
    <Filter Include="Pliki źródłowe\algorithm\individualOperators">
      <UniqueIdentifier>{d6e3c4f4-9f1b-4412-a995-010a997d51d1}</UniqueIdentifier>
    </Filter>
    <Filter Include="Pliki źródłowe\algorithm\individualOperators\Crossers">
      <UniqueIdentifier>{d2fed974-f4e7-41e8-a962-73fa088333b5}</UniqueIdentifier>
    </Filter>
    <Filter Include="Pliki źródłowe\algorithm\individualOperators\Mutators">
      <UniqueIdentifier>{e4e87d44-1797-477d-aa9f-bf60c72d47b7}</UniqueIdentifier>
    </Filter>
    <Filter Include="Pliki źródłowe\algorithm\individualOperators\Selectors">
      <UniqueIdentifier>{bcb77d28-76cb-425b-a94a-d14dfa665a1f}</UniqueIdentifier>
    </Filter>
    <Filter Include="Pliki źródłowe\algorithm\problem">
      <UniqueIdentifier>{8561a5ae-b882-4345-b512-5bca249d8fb3}</UniqueIdentifier>
    </Filter>
    <Filter Include="Pliki nagłówkowe\algorithm">
      <UniqueIdentifier>{1145bb9c-e781-4ded-8a8f-4a5a142ce979}</UniqueIdentifier>
    </Filter>
    <Filter Include="Pliki nagłówkowe\algorithm\individual">
      <UniqueIdentifier>{91fedd6c-45c9-4207-b068-4ccb243c0604}</UniqueIdentifier>
    </Filter>
    <Filter Include="Pliki nagłówkowe\algorithm\individualOperators">
      <UniqueIdentifier>{f20b775d-dfba-4d59-bf78-d7bafbe01d20}</UniqueIdentifier>
    </Filter>
    <Filter Include="Pliki nagłówkowe\algorithm\individualOperators\Mutators">
      <UniqueIdentifier>{c7bb0568-aa6d-4817-ab4a-c91c4aa0cd5d}</UniqueIdentifier>
    </Filter>
    <Filter Include="Pliki nagłówkowe\algorithm\individualOperators\Crossers">
      <UniqueIdentifier>{7bc05925-9d17-443e-bfa1-b1b719d2ae42}</UniqueIdentifier>
    </Filter>
    <Filter Include="Pliki nagłówkowe\algorithm\individualOperators\Selectors">
      <UniqueIdentifier>{bb5a4201-2cfb-4136-a7f2-aa6ea72ee6f6}</UniqueIdentifier>
    </Filter>
    <Filter Include="Pliki nagłówkowe\algorithm\problem">
      <UniqueIdentifier>{3c90c120-677c-4913-92a0-f2a0b894a57b}</UniqueIdentifier>
    </Filter>
    <Filter Include="Pliki nagłówkowe\algorithm\solvers">
      <UniqueIdentifier>{182016de-5482-4eb6-8fb2-595b39205c75}</UniqueIdentifier>
    </Filter>
    <Filter Include="Pliki nagłówkowe\utils">
      <UniqueIdentifier>{9c92fc7c-0b01-4d8e-b1f0-9669d37f030f}</UniqueIdentifier>
    </Filter>
    <Filter Include="Pliki źródłowe\utils">
      <UniqueIdentifier>{cb7f889b-b62b-4b48-ba67-e858a7ea5157}</UniqueIdentifier>
    </Filter>
  </ItemGroup>
  <ItemGroup>
    <ClCompile Include="IHTC-2024.cpp">
      <Filter>Pliki źródłowe</Filter>
    </ClCompile>
    <ClCompile Include="NurseDTO.cpp">
      <Filter>Pliki źródłowe\DTOs\care</Filter>
    </ClCompile>
    <ClCompile Include="RoomDTO.cpp">
      <Filter>Pliki źródłowe\DTOs\care</Filter>
    </ClCompile>
    <ClCompile Include="ShiftDTO.cpp">
      <Filter>Pliki źródłowe\DTOs\care</Filter>
    </ClCompile>
    <ClCompile Include="OccupantDTO.cpp">
      <Filter>Pliki źródłowe\DTOs\patients</Filter>
    </ClCompile>
    <ClCompile Include="IncomingPatientDTO.cpp">
      <Filter>Pliki źródłowe\DTOs\patients</Filter>
    </ClCompile>
    <ClCompile Include="PatientDTO.cpp">
      <Filter>Pliki źródłowe\DTOs\patients</Filter>
    </ClCompile>
    <ClCompile Include="ProblemData.cpp">
      <Filter>Pliki źródłowe\DTOs</Filter>
    </ClCompile>
    <ClCompile Include="WeightsDTO.cpp">
      <Filter>Pliki źródłowe\DTOs</Filter>
    </ClCompile>
    <ClCompile Include="OperatingTheaterDTO.cpp">
      <Filter>Pliki źródłowe\DTOs\surgery</Filter>
    </ClCompile>
    <ClCompile Include="SurgeonDTO.cpp">
      <Filter>Pliki źródłowe\DTOs\surgery</Filter>
    </ClCompile>
    <ClCompile Include="CIndividual.cpp">
      <Filter>Pliki źródłowe\algorithm\individual</Filter>
    </ClCompile>
    <ClCompile Include="Patient.cpp">
      <Filter>Pliki źródłowe\algorithm\individual</Filter>
    </ClCompile>
    <ClCompile Include="Assignment.cpp">
      <Filter>Pliki źródłowe\algorithm\individual</Filter>
    </ClCompile>
    <ClCompile Include="ICrosser.cpp">
      <Filter>Pliki źródłowe\algorithm\individualOperators\Crossers</Filter>
    </ClCompile>
    <ClCompile Include="IMutator.cpp">
      <Filter>Pliki źródłowe\algorithm\individualOperators\Mutators</Filter>
    </ClCompile>
    <ClCompile Include="ISelector.cpp">
      <Filter>Pliki źródłowe\algorithm\individualOperators\Selectors</Filter>
    </ClCompile>
    <ClCompile Include="EASolver.cpp">
      <Filter>Pliki źródłowe\algorithm\solvers</Filter>
    </ClCompile>
    <ClCompile Include="RandomSolver.cpp">
      <Filter>Pliki źródłowe\algorithm\solvers</Filter>
    </ClCompile>
    <ClCompile Include="SolutionData.cpp">
      <Filter>Pliki źródłowe\DTOs</Filter>
    </ClCompile>
    <ClCompile Include="NurseOutputDTO.cpp">
      <Filter>Pliki źródłowe\DTOs\care</Filter>
    </ClCompile>
    <ClCompile Include="PatientOutputDTO.cpp">
      <Filter>Pliki źródłowe\DTOs\patients</Filter>
    </ClCompile>
    <ClCompile Include="printers.cpp">
      <Filter>Pliki źródłowe\utils</Filter>
    </ClCompile>
    <ClCompile Include="MockProblem.h">
      <Filter>Pliki nagłówkowe\algorithm\problem</Filter>
    </ClCompile>
    <ClCompile Include="MockProblem.cpp">
      <Filter>Pliki źródłowe\algorithm\problem</Filter>
    </ClCompile>
    <ClCompile Include="RandomProblem.cpp">
      <Filter>Pliki źródłowe\algorithm\problem</Filter>
    </ClCompile>
    <ClCompile Include="IHTCProblemIO.cpp">
      <Filter>Pliki źródłowe\utils</Filter>
    </ClCompile>
    <ClCompile Include="IHTCProblemIO.h">
      <Filter>Pliki nagłówkowe\utils</Filter>
    </ClCompile>
    <ClCompile Include="other.cpp">
      <Filter>Pliki źródłowe\utils</Filter>
    </ClCompile>
    <ClCompile Include="NurseRoomIndividual.cpp">
      <Filter>Pliki źródłowe</Filter>
    </ClCompile>
    <ClCompile Include="IHTCProblem.cpp">
      <Filter>Pliki źródłowe\algorithm\problem</Filter>
    </ClCompile>
    <ClCompile Include="solutionUtils.cpp">
      <Filter>Pliki źródłowe\utils</Filter>
    </ClCompile>
    <ClCompile Include="RoomInfo.h">
      <Filter>Pliki nagłówkowe\algorithm</Filter>
    </ClCompile>
    <ClCompile Include="SurgeonOTInfo.h">
      <Filter>Pliki nagłówkowe\algorithm</Filter>
    </ClCompile>
    <ClCompile Include="SurgeonOTInfo.cpp">
      <Filter>Pliki źródłowe</Filter>
    </ClCompile>
    <ClCompile Include="IHTCSimulatedAnnealing.cpp">
      <Filter>Pliki źródłowe\algorithm\problem</Filter>
    </ClCompile>
  </ItemGroup>
  <ItemGroup>
    <ClInclude Include="IncomingPatientDTO.h">
      <Filter>Pliki nagłówkowe\DTOs\patients</Filter>
    </ClInclude>
    <ClInclude Include="OccupantDTO.h">
      <Filter>Pliki nagłówkowe\DTOs\patients</Filter>
    </ClInclude>
    <ClInclude Include="PatientDTO.h">
      <Filter>Pliki nagłówkowe\DTOs\patients</Filter>
    </ClInclude>
    <ClInclude Include="SurgeonDTO.h">
      <Filter>Pliki nagłówkowe\DTOs\surgery</Filter>
    </ClInclude>
    <ClInclude Include="OperatingTheaterDTO.h">
      <Filter>Pliki nagłówkowe\DTOs\surgery</Filter>
    </ClInclude>
    <ClInclude Include="NurseDTO.h">
      <Filter>Pliki nagłówkowe\DTOs\care</Filter>
    </ClInclude>
    <ClInclude Include="RoomDTO.h">
      <Filter>Pliki nagłówkowe\DTOs\care</Filter>
    </ClInclude>
    <ClInclude Include="ShiftDTO.h">
      <Filter>Pliki nagłówkowe\DTOs\care</Filter>
    </ClInclude>
    <ClInclude Include="ProblemData.h">
      <Filter>Pliki nagłówkowe\DTOs</Filter>
    </ClInclude>
    <ClInclude Include="WeightsDTO.h">
      <Filter>Pliki nagłówkowe\DTOs</Filter>
    </ClInclude>
    <ClInclude Include="CIndividual.h">
      <Filter>Pliki nagłówkowe\algorithm\individual</Filter>
    </ClInclude>
    <ClInclude Include="Patient.h">
      <Filter>Pliki nagłówkowe\algorithm\individual</Filter>
    </ClInclude>
    <ClInclude Include="Assignment.h">
      <Filter>Pliki nagłówkowe\algorithm\individual</Filter>
    </ClInclude>
    <ClInclude Include="IProblem.h">
      <Filter>Pliki nagłówkowe\algorithm\problem</Filter>
    </ClInclude>
    <ClInclude Include="IMutator.h">
      <Filter>Pliki nagłówkowe\algorithm\individualOperators\Mutators</Filter>
    </ClInclude>
    <ClInclude Include="ICrosser.h">
      <Filter>Pliki nagłówkowe\algorithm\individualOperators\Crossers</Filter>
    </ClInclude>
    <ClInclude Include="ISelector.h">
      <Filter>Pliki nagłówkowe\algorithm\individualOperators\Selectors</Filter>
    </ClInclude>
    <ClInclude Include="NurseOutputDTO.h">
      <Filter>Pliki nagłówkowe\DTOs\care</Filter>
    </ClInclude>
    <ClInclude Include="PatientOutputDTO.h">
      <Filter>Pliki nagłówkowe\DTOs\patients</Filter>
    </ClInclude>
    <ClInclude Include="EASolver.h">
      <Filter>Pliki nagłówkowe\algorithm\solvers</Filter>
    </ClInclude>
    <ClInclude Include="RandomSolver.h">
      <Filter>Pliki nagłówkowe\algorithm\solvers</Filter>
    </ClInclude>
    <ClInclude Include="SolutionData.h">
      <Filter>Pliki nagłówkowe\DTOs</Filter>
    </ClInclude>
    <ClInclude Include="ISolver.h">
      <Filter>Pliki nagłówkowe\algorithm\solvers</Filter>
    </ClInclude>
    <ClInclude Include="printers.h">
      <Filter>Pliki nagłówkowe\utils</Filter>
    </ClInclude>
    <ClInclude Include="other.h">
      <Filter>Pliki nagłówkowe\utils</Filter>
    </ClInclude>
    <ClInclude Include="NurseRoomIndividual.h">
      <Filter>Pliki nagłówkowe</Filter>
    </ClInclude>
    <ClInclude Include="ViolatedRestrictions.h">
      <Filter>Pliki nagłówkowe</Filter>
    </ClInclude>
    <ClInclude Include="solutionUtils.h">
      <Filter>Pliki nagłówkowe\utils</Filter>
    </ClInclude>
    <ClInclude Include="NurseWorkload.h">
      <Filter>Pliki nagłówkowe\algorithm</Filter>
    </ClInclude>
    <ClInclude Include="SurgeonsTime.h">
      <Filter>Pliki nagłówkowe</Filter>
    </ClInclude>
    <ClInclude Include="IHTCProblem.h">
      <Filter>Pliki nagłówkowe\algorithm\problem</Filter>
    </ClInclude>
    <ClInclude Include="IHTCSimulatedAnnealing.h">
      <Filter>Pliki nagłówkowe\algorithm\problem</Filter>
    </ClInclude>
    <ClInclude Include="PatientRoomInfo.h">
      <Filter>Pliki nagłówkowe\algorithm\problem</Filter>
    </ClInclude>
    <ClInclude Include="RandomProblem.h">
      <Filter>Pliki nagłówkowe\algorithm\problem</Filter>
    </ClInclude>
  </ItemGroup>
</Project>